{
    "_readme": [
        "This file locks the dependencies of your project to a known state",
        "Read more about it at https://getcomposer.org/doc/01-basic-usage.md#installing-dependencies",
        "This file is @generated automatically"
    ],
    "content-hash": "d9f6a081280fd7d3ffbec7822a67be04",
    "packages": [
        {
            "name": "gitonomy/gitlib",
            "version": "dev-main",
            "source": {
                "type": "git",
                "url": "https://github.com/gitonomy/gitlib.git",
                "reference": "ba22bb2ebfdfdfae9d11134072eb04cb81d3fc9e"
            },
            "dist": {
                "type": "zip",
                "url": "https://api.github.com/repos/gitonomy/gitlib/zipball/ba22bb2ebfdfdfae9d11134072eb04cb81d3fc9e",
                "reference": "ba22bb2ebfdfdfae9d11134072eb04cb81d3fc9e",
                "shasum": ""
            },
            "require": {
                "ext-pcre": "*",
                "php": "^8.0",
                "symfony/polyfill-mbstring": "^1.7",
                "symfony/process": "^5.4 || ^6.0 || ^7.0"
            },
            "require-dev": {
                "ext-fileinfo": "*",
                "phpspec/prophecy-phpunit": "^2.0",
                "phpunit/phpunit": "^7.5.20 || ^8.5.20 || ^9.5.9",
                "psr/log": "^1.0"
            },
            "default-branch": true,
            "type": "library",
            "autoload": {
                "psr-4": {
                    "Gitonomy\\Git\\": "src/Gitonomy/Git/"
                }
            },
            "notification-url": "https://packagist.org/downloads/",
            "license": [
                "MIT"
            ],
            "authors": [
                {
                    "name": "Graham Campbell",
                    "email": "hello@gjcampbell.co.uk",
                    "homepage": "https://github.com/GrahamCampbell"
                },
                {
                    "name": "Julien Didier",
                    "email": "genzo.wm@gmail.com",
                    "homepage": "https://github.com/juliendidier"
                },
                {
                    "name": "Grégoire Pineau",
                    "email": "lyrixx@lyrixx.info",
                    "homepage": "https://github.com/lyrixx"
                },
                {
                    "name": "Alexandre Salomé",
                    "email": "alexandre.salome@gmail.com",
                    "homepage": "https://github.com/alexandresalome"
                }
            ],
            "description": "Library for accessing git",
            "support": {
                "issues": "https://github.com/gitonomy/gitlib/issues",
                "source": "https://github.com/gitonomy/gitlib/tree/main"
            },
            "funding": [
                {
                    "url": "https://tidelift.com/funding/github/packagist/gitonomy/gitlib",
                    "type": "tidelift"
                }
            ],
            "time": "2024-01-04T21:38:31+00:00"
        },
        {
            "name": "jawira/plantuml",
            "version": "dev-master",
            "source": {
                "type": "git",
                "url": "https://github.com/jawira/plantuml.git",
                "reference": "9654ec498b0c23d993c7e79a6680c8f613bfc98e"
            },
            "dist": {
                "type": "zip",
                "url": "https://api.github.com/repos/jawira/plantuml/zipball/9654ec498b0c23d993c7e79a6680c8f613bfc98e",
                "reference": "9654ec498b0c23d993c7e79a6680c8f613bfc98e",
                "shasum": ""
            },
            "default-branch": true,
            "bin": [
                "bin/plantuml"
            ],
            "type": "library",
            "notification-url": "https://packagist.org/downloads/",
            "license": [
                "GPL-3.0-or-later"
            ],
            "authors": [
                {
                    "name": "Jawira Portugal"
                }
            ],
            "description": "Provides PlantUML executable and plantuml.jar",
            "keywords": [
                "diagram",
                "jar",
                "plantuml",
                "plantuml.jar",
                "uml"
            ],
            "support": {
                "issues": "https://github.com/jawira/plantuml/issues",
                "source": "https://github.com/jawira/plantuml/tree/v1.2024.3"
            },
            "time": "2024-02-16T14:00:48+00:00"
        },
        {
            "name": "nikic/php-parser",
            "version": "dev-master",
            "source": {
                "type": "git",
                "url": "https://github.com/nikic/PHP-Parser.git",
                "reference": "70c96493b4caa5514b45429ec5fe6f412ea6cde6"
            },
            "dist": {
                "type": "zip",
                "url": "https://api.github.com/repos/nikic/PHP-Parser/zipball/70c96493b4caa5514b45429ec5fe6f412ea6cde6",
                "reference": "70c96493b4caa5514b45429ec5fe6f412ea6cde6",
                "shasum": ""
            },
            "require": {
                "ext-ctype": "*",
                "ext-json": "*",
                "ext-tokenizer": "*",
                "php": ">=7.4"
            },
            "require-dev": {
                "ircmaxell/php-yacc": "^0.0.7",
                "phpunit/phpunit": "^7.0 || ^8.0 || ^9.0"
            },
            "default-branch": true,
            "bin": [
                "bin/php-parse"
            ],
            "type": "library",
            "extra": {
                "branch-alias": {
                    "dev-master": "5.0-dev"
                }
            },
            "autoload": {
                "psr-4": {
                    "PhpParser\\": "lib/PhpParser"
                }
            },
            "notification-url": "https://packagist.org/downloads/",
            "license": [
                "BSD-3-Clause"
            ],
            "authors": [
                {
                    "name": "Nikita Popov"
                }
            ],
            "description": "A PHP parser written in PHP",
            "keywords": [
                "parser",
                "php"
            ],
            "support": {
                "issues": "https://github.com/nikic/PHP-Parser/issues",
                "source": "https://github.com/nikic/PHP-Parser/tree/master"
            },
            "time": "2024-03-02T17:59:44+00:00"
        },
        {
            "name": "symfony/polyfill-mbstring",
            "version": "1.x-dev",
            "source": {
                "type": "git",
                "url": "https://github.com/symfony/polyfill-mbstring.git",
                "reference": "9773676c8a1bb1f8d4340a62efe641cf76eda7ec"
            },
            "dist": {
                "type": "zip",
                "url": "https://api.github.com/repos/symfony/polyfill-mbstring/zipball/9773676c8a1bb1f8d4340a62efe641cf76eda7ec",
                "reference": "9773676c8a1bb1f8d4340a62efe641cf76eda7ec",
                "shasum": ""
            },
            "require": {
                "php": ">=7.1"
            },
            "provide": {
                "ext-mbstring": "*"
            },
            "suggest": {
                "ext-mbstring": "For best performance"
            },
            "default-branch": true,
            "type": "library",
            "extra": {
                "thanks": {
                    "name": "symfony/polyfill",
                    "url": "https://github.com/symfony/polyfill"
                }
            },
            "autoload": {
                "files": [
                    "bootstrap.php"
                ],
                "psr-4": {
                    "Symfony\\Polyfill\\Mbstring\\": ""
                }
            },
            "notification-url": "https://packagist.org/downloads/",
            "license": [
                "MIT"
            ],
            "authors": [
                {
                    "name": "Nicolas Grekas",
                    "email": "p@tchwork.com"
                },
                {
                    "name": "Symfony Community",
                    "homepage": "https://symfony.com/contributors"
                }
            ],
            "description": "Symfony polyfill for the Mbstring extension",
            "homepage": "https://symfony.com",
            "keywords": [
                "compatibility",
                "mbstring",
                "polyfill",
                "portable",
                "shim"
            ],
            "support": {
                "source": "https://github.com/symfony/polyfill-mbstring/tree/v1.29.0"
            },
            "funding": [
                {
                    "url": "https://symfony.com/sponsor",
                    "type": "custom"
                },
                {
                    "url": "https://github.com/fabpot",
                    "type": "github"
                },
                {
                    "url": "https://tidelift.com/funding/github/packagist/symfony/symfony",
                    "type": "tidelift"
                }
            ],
            "time": "2024-01-29T20:11:03+00:00"
        },
        {
            "name": "symfony/process",
            "version": "7.1.x-dev",
            "source": {
                "type": "git",
                "url": "https://github.com/symfony/process.git",
                "reference": "ef909caff8547b26f72dff049ea24f9b07a3701a"
            },
            "dist": {
                "type": "zip",
                "url": "https://api.github.com/repos/symfony/process/zipball/ef909caff8547b26f72dff049ea24f9b07a3701a",
                "reference": "ef909caff8547b26f72dff049ea24f9b07a3701a",
                "shasum": ""
            },
            "require": {
                "php": ">=8.2"
            },
            "type": "library",
            "autoload": {
                "psr-4": {
                    "Symfony\\Component\\Process\\": ""
                },
                "exclude-from-classmap": [
                    "/Tests/"
                ]
            },
            "notification-url": "https://packagist.org/downloads/",
            "license": [
                "MIT"
            ],
            "authors": [
                {
                    "name": "Fabien Potencier",
                    "email": "fabien@symfony.com"
                },
                {
                    "name": "Symfony Community",
                    "homepage": "https://symfony.com/contributors"
                }
            ],
            "description": "Executes commands in sub-processes",
            "homepage": "https://symfony.com",
            "support": {
                "source": "https://github.com/symfony/process/tree/7.1"
            },
            "funding": [
                {
                    "url": "https://symfony.com/sponsor",
                    "type": "custom"
                },
                {
                    "url": "https://github.com/fabpot",
                    "type": "github"
                },
                {
                    "url": "https://tidelift.com/funding/github/packagist/symfony/symfony",
                    "type": "tidelift"
                }
            ],
            "time": "2024-02-22T20:28:06+00:00"
        }
    ],
    "packages-dev": [],
    "aliases": [],
    "minimum-stability": "dev",
    "stability-flags": {
        "nikic/php-parser": 20,
        "jawira/plantuml": 20,
        "gitonomy/gitlib": 20
    },
    "prefer-stable": false,
    "prefer-lowest": false,
    "platform": [],
    "platform-dev": [],
    "plugin-api-version": "2.6.0"
}
